
Microsoft Visual Studio Solution File, Format Version 12.00
# Visual Studio Version 17
VisualStudioVersion = 17.2.32526.322
MinimumVisualStudioVersion = 10.0.40219.1
Project("{9A19103F-16F7-4668-BE54-9A1E7A4F7556}") = "GolestanTestProject", "GolestanTestProject\GolestanTestProject.csproj", "{EA262B1D-D3F6-41D7-A40D-F741370C4341}"
EndProject
Project("{9A19103F-16F7-4668-BE54-9A1E7A4F7556}") = "DataAccess", "DataAccess\DataAccess.csproj", "{C8CCF32B-FF58-41AA-8A55-8AFA0CEE87EB}"
EndProject
Project("{FAE04EC0-301F-11D3-BF4B-00C04F79EFBC}") = "CommonLibrary", "CommonLibrary\CommonLibrary.csproj", "{2CB9B883-AF22-4744-A26E-3CEA053D0B0B}"
EndProject
Global
	GlobalSection(SolutionConfigurationPlatforms) = preSolution
		Debug|Any CPU = Debug|Any CPU
		Release|Any CPU = Release|Any CPU
	EndGlobalSection
	GlobalSection(ProjectConfigurationPlatforms) = postSolution
		{EA262B1D-D3F6-41D7-A40D-F741370C4341}.Debug|Any CPU.ActiveCfg = Debug|Any CPU
		{EA262B1D-D3F6-41D7-A40D-F741370C4341}.Debug|Any CPU.Build.0 = Debug|Any CPU
		{EA262B1D-D3F6-41D7-A40D-F741370C4341}.Release|Any CPU.ActiveCfg = Release|Any CPU
		{EA262B1D-D3F6-41D7-A40D-F741370C4341}.Release|Any CPU.Build.0 = Release|Any CPU
		{C8CCF32B-FF58-41AA-8A55-8AFA0CEE87EB}.Debug|Any CPU.ActiveCfg = Debug|Any CPU
		{C8CCF32B-FF58-41AA-8A55-8AFA0CEE87EB}.Debug|Any CPU.Build.0 = Debug|Any CPU
		{C8CCF32B-FF58-41AA-8A55-8AFA0CEE87EB}.Release|Any CPU.ActiveCfg = Release|Any CPU
		{C8CCF32B-FF58-41AA-8A55-8AFA0CEE87EB}.Release|Any CPU.Build.0 = Release|Any CPU
		{2CB9B883-AF22-4744-A26E-3CEA053D0B0B}.Debug|Any CPU.ActiveCfg = Debug|Any CPU
		{2CB9B883-AF22-4744-A26E-3CEA053D0B0B}.Debug|Any CPU.Build.0 = Debug|Any CPU
		{2CB9B883-AF22-4744-A26E-3CEA053D0B0B}.Release|Any CPU.ActiveCfg = Release|Any CPU
		{2CB9B883-AF22-4744-A26E-3CEA053D0B0B}.Release|Any CPU.Build.0 = Release|Any CPU
	EndGlobalSection
	GlobalSection(SolutionProperties) = preSolution
		HideSolutionNode = FALSE
	EndGlobalSection
	GlobalSection(ExtensibilityGlobals) = postSolution
		SolutionGuid = {4E6C9EFD-BBDA-461F-9B24-EECDDB0FDAC4}
	EndGlobalSection
EndGlobal
